
Microsoft Visual Studio Solution File, Format Version 12.00
# Visual Studio Version 17
VisualStudioVersion = 17.6.33801.468
MinimumVisualStudioVersion = 10.0.40219.1
Project("{FAE04EC0-301F-11D3-BF4B-00C04F79EFBC}") = "AdCr.BackEnd", "AdCr.BackEnd\AdCr.BackEnd.csproj", "{881B3E7B-D17A-4558-9F33-423CFF5DBF11}"
EndProject
Global
	GlobalSection(SolutionConfigurationPlatforms) = preSolution
		Debug|Any CPU = Debug|Any CPU
		Release|Any CPU = Release|Any CPU
	EndGlobalSection
	GlobalSection(ProjectConfigurationPlatforms) = postSolution
		{881B3E7B-D17A-4558-9F33-423CFF5DBF11}.Debug|Any CPU.ActiveCfg = Debug|Any CPU
		{881B3E7B-D17A-4558-9F33-423CFF5DBF11}.Debug|Any CPU.Build.0 = Debug|Any CPU
		{881B3E7B-D17A-4558-9F33-423CFF5DBF11}.Release|Any CPU.ActiveCfg = Release|Any CPU
		{881B3E7B-D17A-4558-9F33-423CFF5DBF11}.Release|Any CPU.Build.0 = Release|Any CPU
	EndGlobalSection
	GlobalSection(SolutionProperties) = preSolution
		HideSolutionNode = FALSE
	EndGlobalSection
	GlobalSection(ExtensibilityGlobals) = postSolution
		SolutionGuid = {66032E2A-8AEC-402B-9125-9454ABD99D49}
	EndGlobalSection
EndGlobal
